Microsoft Visual Studio Solution File, Format Version 12.00
# Visual Studio Version 17
VisualStudioVersion = 17.5.2.0
MinimumVisualStudioVersion = 10.0.40219.1
Project("{FAE04EC0-301F-11D3-BF4B-00C04F79EFBC}") = "AutoGarageManager", "AutoGarageManager.csproj", "{73CE73EA-3F39-5A45-707E-2BFB62069115}"
EndProject
Global
	GlobalSection(SolutionConfigurationPlatforms) = preSolution
		Debug|Any CPU = Debug|Any CPU
		Release|Any CPU = Release|Any CPU
	EndGlobalSection
	GlobalSection(ProjectConfigurationPlatforms) = postSolution
		{73CE73EA-3F39-5A45-707E-2BFB62069115}.Debug|Any CPU.ActiveCfg = Debug|Any CPU
		{73CE73EA-3F39-5A45-707E-2BFB62069115}.Debug|Any CPU.Build.0 = Debug|Any CPU
		{73CE73EA-3F39-5A45-707E-2BFB62069115}.Release|Any CPU.ActiveCfg = Release|Any CPU
		{73CE73EA-3F39-5A45-707E-2BFB62069115}.Release|Any CPU.Build.0 = Release|Any CPU
	EndGlobalSection
	GlobalSection(SolutionProperties) = preSolution
		HideSolutionNode = FALSE
	EndGlobalSection
	GlobalSection(ExtensibilityGlobals) = postSolution
		SolutionGuid = {9F629E40-5274-409A-A966-C2B9960CE630}
	EndGlobalSection
EndGlobal
